
Microsoft Visual Studio Solution File, Format Version 11.00
# Visual Studio 2010
# SharpDevelop 5.1
Project("{FAE04EC0-301F-11D3-BF4B-00C04F79EFBC}") = "AnonymousMethod", "AnonymousMethod.csproj", "{A46B5004-05D5-4A38-A59B-5D1462B974EF}"
EndProject
Global
	GlobalSection(SolutionConfigurationPlatforms) = preSolution
		Debug|Any CPU = Debug|Any CPU
		Release|Any CPU = Release|Any CPU
	EndGlobalSection
	GlobalSection(ProjectConfigurationPlatforms) = postSolution
		{A46B5004-05D5-4A38-A59B-5D1462B974EF}.Debug|Any CPU.ActiveCfg = Debug|Any CPU
		{A46B5004-05D5-4A38-A59B-5D1462B974EF}.Debug|Any CPU.Build.0 = Debug|Any CPU
		{A46B5004-05D5-4A38-A59B-5D1462B974EF}.Release|Any CPU.ActiveCfg = Release|Any CPU
		{A46B5004-05D5-4A38-A59B-5D1462B974EF}.Release|Any CPU.Build.0 = Release|Any CPU
	EndGlobalSection
EndGlobal
