
Microsoft Visual Studio Solution File, Format Version 11.00
# Visual Studio 2010
# SharpDevelop 5.1
Project("{FAE04EC0-301F-11D3-BF4B-00C04F79EFBC}") = "Combats", "Combats.csproj", "{43A4BB12-6DD8-4C7B-93EB-E9B2094A31E2}"
EndProject
Global
	GlobalSection(SolutionConfigurationPlatforms) = preSolution
		Debug|Any CPU = Debug|Any CPU
		Release|Any CPU = Release|Any CPU
	EndGlobalSection
	GlobalSection(ProjectConfigurationPlatforms) = postSolution
		{43A4BB12-6DD8-4C7B-93EB-E9B2094A31E2}.Debug|Any CPU.ActiveCfg = Debug|Any CPU
		{43A4BB12-6DD8-4C7B-93EB-E9B2094A31E2}.Debug|Any CPU.Build.0 = Debug|Any CPU
		{43A4BB12-6DD8-4C7B-93EB-E9B2094A31E2}.Release|Any CPU.ActiveCfg = Release|Any CPU
		{43A4BB12-6DD8-4C7B-93EB-E9B2094A31E2}.Release|Any CPU.Build.0 = Release|Any CPU
	EndGlobalSection
EndGlobal
