
Microsoft Visual Studio Solution File, Format Version 11.00
# Visual Studio 2010
# SharpDevelop 5.1
Project("{FAE04EC0-301F-11D3-BF4B-00C04F79EFBC}") = "yield", "yield.csproj", "{ED40D453-283C-4416-9240-F8B6B11FFCDB}"
EndProject
Global
	GlobalSection(SolutionConfigurationPlatforms) = preSolution
		Debug|Any CPU = Debug|Any CPU
		Release|Any CPU = Release|Any CPU
	EndGlobalSection
	GlobalSection(ProjectConfigurationPlatforms) = postSolution
		{ED40D453-283C-4416-9240-F8B6B11FFCDB}.Debug|Any CPU.ActiveCfg = Debug|Any CPU
		{ED40D453-283C-4416-9240-F8B6B11FFCDB}.Debug|Any CPU.Build.0 = Debug|Any CPU
		{ED40D453-283C-4416-9240-F8B6B11FFCDB}.Release|Any CPU.ActiveCfg = Release|Any CPU
		{ED40D453-283C-4416-9240-F8B6B11FFCDB}.Release|Any CPU.Build.0 = Release|Any CPU
	EndGlobalSection
EndGlobal
